
Microsoft Visual Studio Solution File, Format Version 12.00
# Visual Studio Version 17
VisualStudioVersion = 17.6.33829.357
MinimumVisualStudioVersion = 10.0.40219.1
Project("{FAE04EC0-301F-11D3-BF4B-00C04F79EFBC}") = "Algorithms", "Algorithms\Algorithms.csproj", "{85C8B8C0-AD22-4670-88BB-422B628622C6}"
EndProject
Global
	GlobalSection(SolutionConfigurationPlatforms) = preSolution
		Debug|Any CPU = Debug|Any CPU
		Release|Any CPU = Release|Any CPU
	EndGlobalSection
	GlobalSection(ProjectConfigurationPlatforms) = postSolution
		{85C8B8C0-AD22-4670-88BB-422B628622C6}.Debug|Any CPU.ActiveCfg = Debug|Any CPU
		{85C8B8C0-AD22-4670-88BB-422B628622C6}.Debug|Any CPU.Build.0 = Debug|Any CPU
		{85C8B8C0-AD22-4670-88BB-422B628622C6}.Release|Any CPU.ActiveCfg = Release|Any CPU
		{85C8B8C0-AD22-4670-88BB-422B628622C6}.Release|Any CPU.Build.0 = Release|Any CPU
	EndGlobalSection
	GlobalSection(SolutionProperties) = preSolution
		HideSolutionNode = FALSE
	EndGlobalSection
	GlobalSection(ExtensibilityGlobals) = postSolution
		SolutionGuid = {A878FCD1-D5FE-4AEA-9D32-13A010EF62D4}
	EndGlobalSection
EndGlobal
